[{<<"cowboy">>,{pkg,<<"cowboy">>,<<"1.0.4">>},0},
 {<<"cowlib">>,{pkg,<<"cowlib">>,<<"1.0.2">>},1},
 {<<"goldrush">>,{pkg,<<"goldrush">>,<<"0.1.7">>},1},
 {<<"lager">>,{pkg,<<"lager">>,<<"3.0.2">>},0},
 {<<"lmdb">>,
  {git,"https://github.com/joshragem/lmdb.git",
       {ref,"a3b3fc91be27f7c542b5df387cc1669407ed725e"}},
  0},
 {<<"ranch">>,{pkg,<<"ranch">>,<<"1.2.0">>},1}].
